
Microsoft Visual Studio Solution File, Format Version 12.00
# Visual Studio Version 16
VisualStudioVersion = 16.0.31424.327
MinimumVisualStudioVersion = 10.0.40219.1
Project("{FAE04EC0-301F-11D3-BF4B-00C04F79EFBC}") = "SimpleWebRequest.WinForm", "SimpleWebRequest.WinForm\SimpleWebRequest.WinForm.csproj", "{9616D667-41B4-4D8E-A57D-7980274462E8}"
EndProject
Global
	GlobalSection(SolutionConfigurationPlatforms) = preSolution
		Debug|Any CPU = Debug|Any CPU
		Release|Any CPU = Release|Any CPU
	EndGlobalSection
	GlobalSection(ProjectConfigurationPlatforms) = postSolution
		{9616D667-41B4-4D8E-A57D-7980274462E8}.Debug|Any CPU.ActiveCfg = Debug|Any CPU
		{9616D667-41B4-4D8E-A57D-7980274462E8}.Debug|Any CPU.Build.0 = Debug|Any CPU
		{9616D667-41B4-4D8E-A57D-7980274462E8}.Release|Any CPU.ActiveCfg = Release|Any CPU
		{9616D667-41B4-4D8E-A57D-7980274462E8}.Release|Any CPU.Build.0 = Release|Any CPU
	EndGlobalSection
	GlobalSection(SolutionProperties) = preSolution
		HideSolutionNode = FALSE
	EndGlobalSection
	GlobalSection(ExtensibilityGlobals) = postSolution
		SolutionGuid = {B8C22081-288B-4CBD-AEEC-CA1EF408413E}
	EndGlobalSection
EndGlobal
